# This file is automatically @generated by Cargo.
# It is not intended for manual editing.
version = 3

[[package]]
name = "bug"
version = "0.1.0"
dependencies = [
 "primal-sieve",
]

[[package]]
name = "hamming"
version = "0.1.3"
source = "registry+https://github.com/rust-lang/crates.io-index"
checksum = "65043da274378d68241eb9a8f8f8aa54e349136f7b8e12f63e3ef44043cc30e1"

[[package]]
name = "primal-bit"
version = "0.3.1"
source = "registry+https://github.com/rust-lang/crates.io-index"
checksum = "6ce4fe11b2a87850ca3bd5dc9c7cb9f66e32a09edab221be406ac5ff677f2241"
dependencies = [
 "hamming",
]

[[package]]
name = "primal-estimate"
version = "0.3.2"
source = "registry+https://github.com/rust-lang/crates.io-index"
checksum = "7374f14c76f23e1271e6be806981ac5dd9e52b59132b0a2f10bcc412495f9159"

[[package]]
name = "primal-sieve"
version = "0.3.6"
source = "registry+https://github.com/rust-lang/crates.io-index"
checksum = "9f2a14766f8c543620824b5b2cec356abf2681b76966a7ac4b4ed2c0011e696a"
dependencies = [
 "primal-bit",
 "primal-estimate",
 "smallvec",
]

[[package]]
name = "smallvec"
version = "1.11.1"
source = "registry+https://github.com/rust-lang/crates.io-index"
checksum = "942b4a808e05215192e39f4ab80813e599068285906cc91aa64f923db842bd5a"
